
Microsoft Visual Studio Solution File, Format Version 12.00
# Visual Studio Version 16
VisualStudioVersion = 16.0.31911.196
MinimumVisualStudioVersion = 10.0.40219.1
Project("{FAE04EC0-301F-11D3-BF4B-00C04F79EFBC}") = "ApiCatalogoJogos", "ApiCatalogoJogos\ApiCatalogoJogos.csproj", "{AFB6FE94-B0D1-406A-A60F-B08AB675EC95}"
EndProject
Global
	GlobalSection(SolutionConfigurationPlatforms) = preSolution
		Debug|Any CPU = Debug|Any CPU
		Release|Any CPU = Release|Any CPU
	EndGlobalSection
	GlobalSection(ProjectConfigurationPlatforms) = postSolution
		{AFB6FE94-B0D1-406A-A60F-B08AB675EC95}.Debug|Any CPU.ActiveCfg = Debug|Any CPU
		{AFB6FE94-B0D1-406A-A60F-B08AB675EC95}.Debug|Any CPU.Build.0 = Debug|Any CPU
		{AFB6FE94-B0D1-406A-A60F-B08AB675EC95}.Release|Any CPU.ActiveCfg = Release|Any CPU
		{AFB6FE94-B0D1-406A-A60F-B08AB675EC95}.Release|Any CPU.Build.0 = Release|Any CPU
	EndGlobalSection
	GlobalSection(SolutionProperties) = preSolution
		HideSolutionNode = FALSE
	EndGlobalSection
	GlobalSection(ExtensibilityGlobals) = postSolution
		SolutionGuid = {4D1D3543-A49A-4BF5-805A-00B879A6CE41}
	EndGlobalSection
EndGlobal
